
Microsoft Visual Studio Solution File, Format Version 12.00
# Visual Studio Version 17
VisualStudioVersion = 17.4.33122.133
MinimumVisualStudioVersion = 10.0.40219.1
Project("{9A19103F-16F7-4668-BE54-9A1E7A4F7556}") = "1.0 AverageOfThreeNumbers", "Tasks\1.0 AverageOfThreeNumbers.csproj", "{8E705CB5-531A-4AED-8161-D8AB3C05F4A8}"
EndProject
Project("{9A19103F-16F7-4668-BE54-9A1E7A4F7556}") = "1.2 CylinderArea", "CylinderArea\1.2 CylinderArea.csproj", "{65352400-199C-4E9F-9ECF-9541A145551D}"
EndProject
Project("{9A19103F-16F7-4668-BE54-9A1E7A4F7556}") = "1.3 NumberInTheRange", "NumberInTheRange\1.3 NumberInTheRange.csproj", "{6B2B84A2-EBDB-4265-A63C-79B8DF6524E6}"
EndProject
Project("{9A19103F-16F7-4668-BE54-9A1E7A4F7556}") = "1.4 ParityCheck", "ParityCheck\1.4 ParityCheck.csproj", "{A5D17A5C-B962-4152-A683-8F594A9E4311}"
EndProject
Project("{9A19103F-16F7-4668-BE54-9A1E7A4F7556}") = "1.5 RangeSum", "RangeSum\1.5 RangeSum.csproj", "{F0709955-F878-49FA-99B4-DB1093C7DD32}"
EndProject
Project("{9A19103F-16F7-4668-BE54-9A1E7A4F7556}") = "1.6 NumberOfPossibleRoutes", "NumberOfPossibleRoutes\1.6 NumberOfPossibleRoutes.csproj", "{6F1A413B-27C7-41CD-BEB6-FCD214131542}"
EndProject
Project("{9A19103F-16F7-4668-BE54-9A1E7A4F7556}") = "1.7 ArithmeticOperation", "ArithmeticOperation\1.7 ArithmeticOperation.csproj", "{21430C88-7652-49FE-93E9-D654F4831092}"
EndProject
Project("{9A19103F-16F7-4668-BE54-9A1E7A4F7556}") = "1.8 PrimeNumber", "PrimeNumber\1.8 PrimeNumber.csproj", "{B9A5C288-F599-46DB-9E11-4448921CB2D3}"
EndProject
Project("{9A19103F-16F7-4668-BE54-9A1E7A4F7556}") = "1.9 WorkingWithAnArray", "Array\1.9 WorkingWithAnArray.csproj", "{EA2DC6B6-61F7-4B1F-A8AB-0B64161308D1}"
EndProject
Project("{9A19103F-16F7-4668-BE54-9A1E7A4F7556}") = "ArrayString", "ArrayString\ArrayString.csproj", "{D8231D1C-D391-48FA-B5AC-FFAAE4DBC113}"
EndProject
Project("{2150E333-8FDC-42A3-9474-1A3956D46DE8}") = "Test", "Test", "{086AFF2A-6B48-40B4-BCD6-B773CFB78524}"
EndProject
Project("{9A19103F-16F7-4668-BE54-9A1E7A4F7556}") = "2.0 ReverseAndSubArray", "ReverseAndSubArray\2.0 ReverseAndSubArray.csproj", "{68E9FC5C-E8F2-49CE-9270-D8A109F691E7}"
EndProject
Project("{9A19103F-16F7-4668-BE54-9A1E7A4F7556}") = "2.1 TemperatureCelsiusAndFahrenheit", "TemperatureCelsiusAndFahrenheit\2.1 TemperatureCelsiusAndFahrenheit.csproj", "{C9E5EFAB-3CC3-45B9-AA1D-29B9633F9383}"
EndProject
Project("{9A19103F-16F7-4668-BE54-9A1E7A4F7556}") = "2.2 PointCoordinates", "PointCoordinates\2.2 PointCoordinates.csproj", "{C334E60F-3364-4FF1-AD01-E0559A5EA692}"
EndProject
Project("{9A19103F-16F7-4668-BE54-9A1E7A4F7556}") = "2.3 HappyTicket", "HappyTicket\2.3 HappyTicket.csproj", "{D5C8FF07-9228-4E5B-86A3-F71070093108}"
EndProject
Project("{9A19103F-16F7-4668-BE54-9A1E7A4F7556}") = "2.4 LetterCase", "LetterCase\2.4 LetterCase.csproj", "{DD479DE5-A3EB-4BC9-8A75-F9F34F6DF0D1}"
EndProject
Project("{9A19103F-16F7-4668-BE54-9A1E7A4F7556}") = "2.5 DisplayANumberInARange", "DisplayANumberInARange\2.5 DisplayANumberInARange.csproj", "{DDCD43A4-A6F8-44D4-898A-4F5185A48C72}"
EndProject
Project("{9A19103F-16F7-4668-BE54-9A1E7A4F7556}") = "2.6 NumberOfSquares", "NumberOfSquares\2.6 NumberOfSquares.csproj", "{702A44AB-FC85-47DE-AAD4-3D58C66C6301}"
EndProject
Project("{9A19103F-16F7-4668-BE54-9A1E7A4F7556}") = "2.7 InitialBankDeposit", "InitialBankDeposit\2.7 InitialBankDeposit.csproj", "{98A03DA7-C796-4290-94C1-C9023676D6D0}"
EndProject
Project("{9A19103F-16F7-4668-BE54-9A1E7A4F7556}") = "2.8 ReadingCharacters", "ReadingCharacters\2.8 ReadingCharacters.csproj", "{F0BA0501-386B-41E4-A0AE-263BC929CF3A}"
EndProject
Project("{9A19103F-16F7-4668-BE54-9A1E7A4F7556}") = "2.9 TriangleOfNumbers", "TriangleOfNumbers\2.9 TriangleOfNumbers.csproj", "{83A9428F-4122-40A6-9D41-4007A4E2F52A}"
EndProject
Project("{9A19103F-16F7-4668-BE54-9A1E7A4F7556}") = "3.0 NumberReverse", "NumberReverse\3.0 NumberReverse.csproj", "{73911534-93C9-4763-B067-7D2A21A219A3}"
EndProject
Project("{9A19103F-16F7-4668-BE54-9A1E7A4F7556}") = "3.1 SearchTextReplacement", "SearchTextReplacement\3.1 SearchTextReplacement.csproj", "{C03772DB-0D04-4C20-A243-4CE3E618ADDC}"
EndProject
Project("{9A19103F-16F7-4668-BE54-9A1E7A4F7556}") = "3.2 CheckingAStringForAPalindrome", "CheckingAStringForAPalindrome\3.2 CheckingAStringForAPalindrome.csproj", "{077A94A9-ADD8-4B11-A886-DC7ACC82878F}"
EndProject
Project("{9A19103F-16F7-4668-BE54-9A1E7A4F7556}") = "3.3 CountingWordsInTheEnteredSentence", "CountingWordsInTheEnteredSentence\3.3 CountingWordsInTheEnteredSentence.csproj", "{FC2883CD-4AAD-4031-9E6F-8AD8F4F19D09}"
EndProject
Project("{9A19103F-16F7-4668-BE54-9A1E7A4F7556}") = "3.4 CountingWordsThatEndInAVowel", "CountingWordsThatEndInAVowel\3.4 CountingWordsThatEndInAVowel.csproj", "{01CA79D6-4091-4DB8-A6C4-AD4BFD3DBAAE}"
EndProject
Project("{9A19103F-16F7-4668-BE54-9A1E7A4F7556}") = "3.5 SumOfElementsInArrayRange", "SumOfElementsInArrayRange\3.5 SumOfElementsInArrayRange.csproj", "{3F66CEBC-C0A2-4684-8569-1E8A5912620B}"
EndProject
Project("{9A19103F-16F7-4668-BE54-9A1E7A4F7556}") = "3.6 MaximumValuesOfEachArrayColumn", "MaximumValuesOfEachArrayColumn\3.6 MaximumValuesOfEachArrayColumn.csproj", "{E97FB17D-BAD2-401B-BF37-0E38C1836156}"
EndProject
Project("{9A19103F-16F7-4668-BE54-9A1E7A4F7556}") = "3.7 MatrixMultiplication", "MatrixMultiplication\3.7 MatrixMultiplication.csproj", "{B741FB7D-8952-4D1E-A64D-F11B0F8D5C26}"
EndProject
Project("{9A19103F-16F7-4668-BE54-9A1E7A4F7556}") = "3.8 Regular_LoginAndPassword", "Regular_LoginAndPassword\3.8 Regular_LoginAndPassword.csproj", "{BC2B8B4E-D11B-4F72-BDED-83786E6398F7}"
EndProject
Project("{FAE04EC0-301F-11D3-BF4B-00C04F79EFBC}") = "Test", "Test\Test.csproj", "{35B72A40-525C-4FDE-B25B-D37EE43AF328}"
EndProject
Global
	GlobalSection(SolutionConfigurationPlatforms) = preSolution
		Debug|Any CPU = Debug|Any CPU
		Release|Any CPU = Release|Any CPU
	EndGlobalSection
	GlobalSection(ProjectConfigurationPlatforms) = postSolution
		{8E705CB5-531A-4AED-8161-D8AB3C05F4A8}.Debug|Any CPU.ActiveCfg = Debug|Any CPU
		{8E705CB5-531A-4AED-8161-D8AB3C05F4A8}.Debug|Any CPU.Build.0 = Debug|Any CPU
		{8E705CB5-531A-4AED-8161-D8AB3C05F4A8}.Release|Any CPU.ActiveCfg = Release|Any CPU
		{8E705CB5-531A-4AED-8161-D8AB3C05F4A8}.Release|Any CPU.Build.0 = Release|Any CPU
		{65352400-199C-4E9F-9ECF-9541A145551D}.Debug|Any CPU.ActiveCfg = Debug|Any CPU
		{65352400-199C-4E9F-9ECF-9541A145551D}.Debug|Any CPU.Build.0 = Debug|Any CPU
		{65352400-199C-4E9F-9ECF-9541A145551D}.Release|Any CPU.ActiveCfg = Release|Any CPU
		{65352400-199C-4E9F-9ECF-9541A145551D}.Release|Any CPU.Build.0 = Release|Any CPU
		{6B2B84A2-EBDB-4265-A63C-79B8DF6524E6}.Debug|Any CPU.ActiveCfg = Debug|Any CPU
		{6B2B84A2-EBDB-4265-A63C-79B8DF6524E6}.Debug|Any CPU.Build.0 = Debug|Any CPU
		{6B2B84A2-EBDB-4265-A63C-79B8DF6524E6}.Release|Any CPU.ActiveCfg = Release|Any CPU
		{6B2B84A2-EBDB-4265-A63C-79B8DF6524E6}.Release|Any CPU.Build.0 = Release|Any CPU
		{A5D17A5C-B962-4152-A683-8F594A9E4311}.Debug|Any CPU.ActiveCfg = Debug|Any CPU
		{A5D17A5C-B962-4152-A683-8F594A9E4311}.Debug|Any CPU.Build.0 = Debug|Any CPU
		{A5D17A5C-B962-4152-A683-8F594A9E4311}.Release|Any CPU.ActiveCfg = Release|Any CPU
		{A5D17A5C-B962-4152-A683-8F594A9E4311}.Release|Any CPU.Build.0 = Release|Any CPU
		{F0709955-F878-49FA-99B4-DB1093C7DD32}.Debug|Any CPU.ActiveCfg = Debug|Any CPU
		{F0709955-F878-49FA-99B4-DB1093C7DD32}.Debug|Any CPU.Build.0 = Debug|Any CPU
		{F0709955-F878-49FA-99B4-DB1093C7DD32}.Release|Any CPU.ActiveCfg = Release|Any CPU
		{F0709955-F878-49FA-99B4-DB1093C7DD32}.Release|Any CPU.Build.0 = Release|Any CPU
		{6F1A413B-27C7-41CD-BEB6-FCD214131542}.Debug|Any CPU.ActiveCfg = Debug|Any CPU
		{6F1A413B-27C7-41CD-BEB6-FCD214131542}.Debug|Any CPU.Build.0 = Debug|Any CPU
		{6F1A413B-27C7-41CD-BEB6-FCD214131542}.Release|Any CPU.ActiveCfg = Release|Any CPU
		{6F1A413B-27C7-41CD-BEB6-FCD214131542}.Release|Any CPU.Build.0 = Release|Any CPU
		{21430C88-7652-49FE-93E9-D654F4831092}.Debug|Any CPU.ActiveCfg = Debug|Any CPU
		{21430C88-7652-49FE-93E9-D654F4831092}.Debug|Any CPU.Build.0 = Debug|Any CPU
		{21430C88-7652-49FE-93E9-D654F4831092}.Release|Any CPU.ActiveCfg = Release|Any CPU
		{21430C88-7652-49FE-93E9-D654F4831092}.Release|Any CPU.Build.0 = Release|Any CPU
		{B9A5C288-F599-46DB-9E11-4448921CB2D3}.Debug|Any CPU.ActiveCfg = Debug|Any CPU
		{B9A5C288-F599-46DB-9E11-4448921CB2D3}.Debug|Any CPU.Build.0 = Debug|Any CPU
		{B9A5C288-F599-46DB-9E11-4448921CB2D3}.Release|Any CPU.ActiveCfg = Release|Any CPU
		{B9A5C288-F599-46DB-9E11-4448921CB2D3}.Release|Any CPU.Build.0 = Release|Any CPU
		{EA2DC6B6-61F7-4B1F-A8AB-0B64161308D1}.Debug|Any CPU.ActiveCfg = Debug|Any CPU
		{EA2DC6B6-61F7-4B1F-A8AB-0B64161308D1}.Debug|Any CPU.Build.0 = Debug|Any CPU
		{EA2DC6B6-61F7-4B1F-A8AB-0B64161308D1}.Release|Any CPU.ActiveCfg = Release|Any CPU
		{EA2DC6B6-61F7-4B1F-A8AB-0B64161308D1}.Release|Any CPU.Build.0 = Release|Any CPU
		{D8231D1C-D391-48FA-B5AC-FFAAE4DBC113}.Debug|Any CPU.ActiveCfg = Debug|Any CPU
		{D8231D1C-D391-48FA-B5AC-FFAAE4DBC113}.Debug|Any CPU.Build.0 = Debug|Any CPU
		{D8231D1C-D391-48FA-B5AC-FFAAE4DBC113}.Release|Any CPU.ActiveCfg = Release|Any CPU
		{D8231D1C-D391-48FA-B5AC-FFAAE4DBC113}.Release|Any CPU.Build.0 = Release|Any CPU
		{68E9FC5C-E8F2-49CE-9270-D8A109F691E7}.Debug|Any CPU.ActiveCfg = Debug|Any CPU
		{68E9FC5C-E8F2-49CE-9270-D8A109F691E7}.Debug|Any CPU.Build.0 = Debug|Any CPU
		{68E9FC5C-E8F2-49CE-9270-D8A109F691E7}.Release|Any CPU.ActiveCfg = Release|Any CPU
		{68E9FC5C-E8F2-49CE-9270-D8A109F691E7}.Release|Any CPU.Build.0 = Release|Any CPU
		{C9E5EFAB-3CC3-45B9-AA1D-29B9633F9383}.Debug|Any CPU.ActiveCfg = Debug|Any CPU
		{C9E5EFAB-3CC3-45B9-AA1D-29B9633F9383}.Debug|Any CPU.Build.0 = Debug|Any CPU
		{C9E5EFAB-3CC3-45B9-AA1D-29B9633F9383}.Release|Any CPU.ActiveCfg = Release|Any CPU
		{C9E5EFAB-3CC3-45B9-AA1D-29B9633F9383}.Release|Any CPU.Build.0 = Release|Any CPU
		{C334E60F-3364-4FF1-AD01-E0559A5EA692}.Debug|Any CPU.ActiveCfg = Debug|Any CPU
		{C334E60F-3364-4FF1-AD01-E0559A5EA692}.Debug|Any CPU.Build.0 = Debug|Any CPU
		{C334E60F-3364-4FF1-AD01-E0559A5EA692}.Release|Any CPU.ActiveCfg = Release|Any CPU
		{C334E60F-3364-4FF1-AD01-E0559A5EA692}.Release|Any CPU.Build.0 = Release|Any CPU
		{D5C8FF07-9228-4E5B-86A3-F71070093108}.Debug|Any CPU.ActiveCfg = Debug|Any CPU
		{D5C8FF07-9228-4E5B-86A3-F71070093108}.Debug|Any CPU.Build.0 = Debug|Any CPU
		{D5C8FF07-9228-4E5B-86A3-F71070093108}.Release|Any CPU.ActiveCfg = Release|Any CPU
		{D5C8FF07-9228-4E5B-86A3-F71070093108}.Release|Any CPU.Build.0 = Release|Any CPU
		{DD479DE5-A3EB-4BC9-8A75-F9F34F6DF0D1}.Debug|Any CPU.ActiveCfg = Debug|Any CPU
		{DD479DE5-A3EB-4BC9-8A75-F9F34F6DF0D1}.Debug|Any CPU.Build.0 = Debug|Any CPU
		{DD479DE5-A3EB-4BC9-8A75-F9F34F6DF0D1}.Release|Any CPU.ActiveCfg = Release|Any CPU
		{DD479DE5-A3EB-4BC9-8A75-F9F34F6DF0D1}.Release|Any CPU.Build.0 = Release|Any CPU
		{DDCD43A4-A6F8-44D4-898A-4F5185A48C72}.Debug|Any CPU.ActiveCfg = Debug|Any CPU
		{DDCD43A4-A6F8-44D4-898A-4F5185A48C72}.Debug|Any CPU.Build.0 = Debug|Any CPU
		{DDCD43A4-A6F8-44D4-898A-4F5185A48C72}.Release|Any CPU.ActiveCfg = Release|Any CPU
		{DDCD43A4-A6F8-44D4-898A-4F5185A48C72}.Release|Any CPU.Build.0 = Release|Any CPU
		{702A44AB-FC85-47DE-AAD4-3D58C66C6301}.Debug|Any CPU.ActiveCfg = Debug|Any CPU
		{702A44AB-FC85-47DE-AAD4-3D58C66C6301}.Debug|Any CPU.Build.0 = Debug|Any CPU
		{702A44AB-FC85-47DE-AAD4-3D58C66C6301}.Release|Any CPU.ActiveCfg = Release|Any CPU
		{702A44AB-FC85-47DE-AAD4-3D58C66C6301}.Release|Any CPU.Build.0 = Release|Any CPU
		{98A03DA7-C796-4290-94C1-C9023676D6D0}.Debug|Any CPU.ActiveCfg = Debug|Any CPU
		{98A03DA7-C796-4290-94C1-C9023676D6D0}.Debug|Any CPU.Build.0 = Debug|Any CPU
		{98A03DA7-C796-4290-94C1-C9023676D6D0}.Release|Any CPU.ActiveCfg = Release|Any CPU
		{98A03DA7-C796-4290-94C1-C9023676D6D0}.Release|Any CPU.Build.0 = Release|Any CPU
		{F0BA0501-386B-41E4-A0AE-263BC929CF3A}.Debug|Any CPU.ActiveCfg = Debug|Any CPU
		{F0BA0501-386B-41E4-A0AE-263BC929CF3A}.Debug|Any CPU.Build.0 = Debug|Any CPU
		{F0BA0501-386B-41E4-A0AE-263BC929CF3A}.Release|Any CPU.ActiveCfg = Release|Any CPU
		{F0BA0501-386B-41E4-A0AE-263BC929CF3A}.Release|Any CPU.Build.0 = Release|Any CPU
		{83A9428F-4122-40A6-9D41-4007A4E2F52A}.Debug|Any CPU.ActiveCfg = Debug|Any CPU
		{83A9428F-4122-40A6-9D41-4007A4E2F52A}.Debug|Any CPU.Build.0 = Debug|Any CPU
		{83A9428F-4122-40A6-9D41-4007A4E2F52A}.Release|Any CPU.ActiveCfg = Release|Any CPU
		{83A9428F-4122-40A6-9D41-4007A4E2F52A}.Release|Any CPU.Build.0 = Release|Any CPU
		{73911534-93C9-4763-B067-7D2A21A219A3}.Debug|Any CPU.ActiveCfg = Debug|Any CPU
		{73911534-93C9-4763-B067-7D2A21A219A3}.Debug|Any CPU.Build.0 = Debug|Any CPU
		{73911534-93C9-4763-B067-7D2A21A219A3}.Release|Any CPU.ActiveCfg = Release|Any CPU
		{73911534-93C9-4763-B067-7D2A21A219A3}.Release|Any CPU.Build.0 = Release|Any CPU
		{C03772DB-0D04-4C20-A243-4CE3E618ADDC}.Debug|Any CPU.ActiveCfg = Debug|Any CPU
		{C03772DB-0D04-4C20-A243-4CE3E618ADDC}.Debug|Any CPU.Build.0 = Debug|Any CPU
		{C03772DB-0D04-4C20-A243-4CE3E618ADDC}.Release|Any CPU.ActiveCfg = Release|Any CPU
		{C03772DB-0D04-4C20-A243-4CE3E618ADDC}.Release|Any CPU.Build.0 = Release|Any CPU
		{077A94A9-ADD8-4B11-A886-DC7ACC82878F}.Debug|Any CPU.ActiveCfg = Debug|Any CPU
		{077A94A9-ADD8-4B11-A886-DC7ACC82878F}.Debug|Any CPU.Build.0 = Debug|Any CPU
		{077A94A9-ADD8-4B11-A886-DC7ACC82878F}.Release|Any CPU.ActiveCfg = Release|Any CPU
		{077A94A9-ADD8-4B11-A886-DC7ACC82878F}.Release|Any CPU.Build.0 = Release|Any CPU
		{FC2883CD-4AAD-4031-9E6F-8AD8F4F19D09}.Debug|Any CPU.ActiveCfg = Debug|Any CPU
		{FC2883CD-4AAD-4031-9E6F-8AD8F4F19D09}.Debug|Any CPU.Build.0 = Debug|Any CPU
		{FC2883CD-4AAD-4031-9E6F-8AD8F4F19D09}.Release|Any CPU.ActiveCfg = Release|Any CPU
		{FC2883CD-4AAD-4031-9E6F-8AD8F4F19D09}.Release|Any CPU.Build.0 = Release|Any CPU
		{01CA79D6-4091-4DB8-A6C4-AD4BFD3DBAAE}.Debug|Any CPU.ActiveCfg = Debug|Any CPU
		{01CA79D6-4091-4DB8-A6C4-AD4BFD3DBAAE}.Debug|Any CPU.Build.0 = Debug|Any CPU
		{01CA79D6-4091-4DB8-A6C4-AD4BFD3DBAAE}.Release|Any CPU.ActiveCfg = Release|Any CPU
		{01CA79D6-4091-4DB8-A6C4-AD4BFD3DBAAE}.Release|Any CPU.Build.0 = Release|Any CPU
		{3F66CEBC-C0A2-4684-8569-1E8A5912620B}.Debug|Any CPU.ActiveCfg = Debug|Any CPU
		{3F66CEBC-C0A2-4684-8569-1E8A5912620B}.Debug|Any CPU.Build.0 = Debug|Any CPU
		{3F66CEBC-C0A2-4684-8569-1E8A5912620B}.Release|Any CPU.ActiveCfg = Release|Any CPU
		{3F66CEBC-C0A2-4684-8569-1E8A5912620B}.Release|Any CPU.Build.0 = Release|Any CPU
		{E97FB17D-BAD2-401B-BF37-0E38C1836156}.Debug|Any CPU.ActiveCfg = Debug|Any CPU
		{E97FB17D-BAD2-401B-BF37-0E38C1836156}.Debug|Any CPU.Build.0 = Debug|Any CPU
		{E97FB17D-BAD2-401B-BF37-0E38C1836156}.Release|Any CPU.ActiveCfg = Release|Any CPU
		{E97FB17D-BAD2-401B-BF37-0E38C1836156}.Release|Any CPU.Build.0 = Release|Any CPU
		{B741FB7D-8952-4D1E-A64D-F11B0F8D5C26}.Debug|Any CPU.ActiveCfg = Debug|Any CPU
		{B741FB7D-8952-4D1E-A64D-F11B0F8D5C26}.Debug|Any CPU.Build.0 = Debug|Any CPU
		{B741FB7D-8952-4D1E-A64D-F11B0F8D5C26}.Release|Any CPU.ActiveCfg = Release|Any CPU
		{B741FB7D-8952-4D1E-A64D-F11B0F8D5C26}.Release|Any CPU.Build.0 = Release|Any CPU
		{BC2B8B4E-D11B-4F72-BDED-83786E6398F7}.Debug|Any CPU.ActiveCfg = Debug|Any CPU
		{BC2B8B4E-D11B-4F72-BDED-83786E6398F7}.Debug|Any CPU.Build.0 = Debug|Any CPU
		{BC2B8B4E-D11B-4F72-BDED-83786E6398F7}.Release|Any CPU.ActiveCfg = Release|Any CPU
		{BC2B8B4E-D11B-4F72-BDED-83786E6398F7}.Release|Any CPU.Build.0 = Release|Any CPU
		{35B72A40-525C-4FDE-B25B-D37EE43AF328}.Debug|Any CPU.ActiveCfg = Debug|Any CPU
		{35B72A40-525C-4FDE-B25B-D37EE43AF328}.Debug|Any CPU.Build.0 = Debug|Any CPU
		{35B72A40-525C-4FDE-B25B-D37EE43AF328}.Release|Any CPU.ActiveCfg = Release|Any CPU
		{35B72A40-525C-4FDE-B25B-D37EE43AF328}.Release|Any CPU.Build.0 = Release|Any CPU
	EndGlobalSection
	GlobalSection(SolutionProperties) = preSolution
		HideSolutionNode = FALSE
	EndGlobalSection
	GlobalSection(NestedProjects) = preSolution
		{D8231D1C-D391-48FA-B5AC-FFAAE4DBC113} = {086AFF2A-6B48-40B4-BCD6-B773CFB78524}
		{35B72A40-525C-4FDE-B25B-D37EE43AF328} = {086AFF2A-6B48-40B4-BCD6-B773CFB78524}
	EndGlobalSection
	GlobalSection(ExtensibilityGlobals) = postSolution
		SolutionGuid = {A2A07CE2-D072-49F3-90A5-30D6F7CAB2DB}
	EndGlobalSection
EndGlobal
